
Microsoft Visual Studio Solution File, Format Version 12.00
# Visual Studio Version 17
VisualStudioVersion = 17.0.32112.339
MinimumVisualStudioVersion = 10.0.40219.1
Project("{FAE04EC0-301F-11D3-BF4B-00C04F79EFBC}") = "Haustrunk.Domain", "Haustrunk\Haustrunk.Domain.csproj", "{3D2A74DE-D71F-4A69-AA06-3EDEB48A8C66}"
EndProject
Project("{2150E333-8FDC-42A3-9474-1A3956D46DE8}") = "src", "src", "{D0F6109E-6F59-4AF5-AF84-BA9C8B8AA455}"
EndProject
Project("{2150E333-8FDC-42A3-9474-1A3956D46DE8}") = "tests", "tests", "{3DBAB13A-FC28-494B-BFFC-EF29EF2E7DD7}"
EndProject
Global
	GlobalSection(SolutionConfigurationPlatforms) = preSolution
		Debug|Any CPU = Debug|Any CPU
		Release|Any CPU = Release|Any CPU
	EndGlobalSection
	GlobalSection(ProjectConfigurationPlatforms) = postSolution
		{3D2A74DE-D71F-4A69-AA06-3EDEB48A8C66}.Debug|Any CPU.ActiveCfg = Debug|Any CPU
		{3D2A74DE-D71F-4A69-AA06-3EDEB48A8C66}.Debug|Any CPU.Build.0 = Debug|Any CPU
		{3D2A74DE-D71F-4A69-AA06-3EDEB48A8C66}.Release|Any CPU.ActiveCfg = Release|Any CPU
		{3D2A74DE-D71F-4A69-AA06-3EDEB48A8C66}.Release|Any CPU.Build.0 = Release|Any CPU
	EndGlobalSection
	GlobalSection(SolutionProperties) = preSolution
		HideSolutionNode = FALSE
	EndGlobalSection
	GlobalSection(NestedProjects) = preSolution
		{3D2A74DE-D71F-4A69-AA06-3EDEB48A8C66} = {D0F6109E-6F59-4AF5-AF84-BA9C8B8AA455}
	EndGlobalSection
	GlobalSection(ExtensibilityGlobals) = postSolution
		SolutionGuid = {51E50F05-7F8D-4C7E-A611-7F1AD5E8A3A7}
	EndGlobalSection
EndGlobal
